
Microsoft Visual Studio Solution File, Format Version 12.00
# Visual Studio Version 17
VisualStudioVersion = 17.5.33530.505
MinimumVisualStudioVersion = 10.0.40219.1
Project("{FAE04EC0-301F-11D3-BF4B-00C04F79EFBC}") = "eStudioWPF", "eStudioWPF\eStudioWPF.csproj", "{C7121BF1-8A4A-47AC-9F63-683B2CF28209}"
EndProject
Project("{FAE04EC0-301F-11D3-BF4B-00C04F79EFBC}") = "eStudioLib", "eStudioLib\eStudioLib.csproj", "{26E62C6A-690C-4F22-9754-73D6540C8AA5}"
EndProject
Project("{FAE04EC0-301F-11D3-BF4B-00C04F79EFBC}") = "UnitTests", "UnitTests\UnitTests.csproj", "{A76DFCDE-2612-4BEB-9D81-354A60484FA1}"
EndProject
Project("{FAE04EC0-301F-11D3-BF4B-00C04F79EFBC}") = "eStudioCL", "eStudioCL\eStudioCL.csproj", "{303FD683-164D-400B-A0A2-2ED90B34CC3C}"
EndProject
Project("{FAE04EC0-301F-11D3-BF4B-00C04F79EFBC}") = "eStudioWF", "eStudioWF\eStudioWF.csproj", "{E2E51AB7-2B80-42CF-BA40-9B7B000FE310}"
EndProject
Global
	GlobalSection(SolutionConfigurationPlatforms) = preSolution
		Debug|Any CPU = Debug|Any CPU
		Release|Any CPU = Release|Any CPU
	EndGlobalSection
	GlobalSection(ProjectConfigurationPlatforms) = postSolution
		{C7121BF1-8A4A-47AC-9F63-683B2CF28209}.Debug|Any CPU.ActiveCfg = Debug|Any CPU
		{C7121BF1-8A4A-47AC-9F63-683B2CF28209}.Debug|Any CPU.Build.0 = Debug|Any CPU
		{C7121BF1-8A4A-47AC-9F63-683B2CF28209}.Release|Any CPU.ActiveCfg = Release|Any CPU
		{C7121BF1-8A4A-47AC-9F63-683B2CF28209}.Release|Any CPU.Build.0 = Release|Any CPU
		{26E62C6A-690C-4F22-9754-73D6540C8AA5}.Debug|Any CPU.ActiveCfg = Debug|Any CPU
		{26E62C6A-690C-4F22-9754-73D6540C8AA5}.Debug|Any CPU.Build.0 = Debug|Any CPU
		{26E62C6A-690C-4F22-9754-73D6540C8AA5}.Release|Any CPU.ActiveCfg = Release|Any CPU
		{26E62C6A-690C-4F22-9754-73D6540C8AA5}.Release|Any CPU.Build.0 = Release|Any CPU
		{A76DFCDE-2612-4BEB-9D81-354A60484FA1}.Debug|Any CPU.ActiveCfg = Debug|Any CPU
		{A76DFCDE-2612-4BEB-9D81-354A60484FA1}.Debug|Any CPU.Build.0 = Debug|Any CPU
		{A76DFCDE-2612-4BEB-9D81-354A60484FA1}.Release|Any CPU.ActiveCfg = Release|Any CPU
		{A76DFCDE-2612-4BEB-9D81-354A60484FA1}.Release|Any CPU.Build.0 = Release|Any CPU
		{303FD683-164D-400B-A0A2-2ED90B34CC3C}.Debug|Any CPU.ActiveCfg = Debug|Any CPU
		{303FD683-164D-400B-A0A2-2ED90B34CC3C}.Debug|Any CPU.Build.0 = Debug|Any CPU
		{303FD683-164D-400B-A0A2-2ED90B34CC3C}.Release|Any CPU.ActiveCfg = Release|Any CPU
		{303FD683-164D-400B-A0A2-2ED90B34CC3C}.Release|Any CPU.Build.0 = Release|Any CPU
		{E2E51AB7-2B80-42CF-BA40-9B7B000FE310}.Debug|Any CPU.ActiveCfg = Debug|Any CPU
		{E2E51AB7-2B80-42CF-BA40-9B7B000FE310}.Debug|Any CPU.Build.0 = Debug|Any CPU
		{E2E51AB7-2B80-42CF-BA40-9B7B000FE310}.Release|Any CPU.ActiveCfg = Release|Any CPU
		{E2E51AB7-2B80-42CF-BA40-9B7B000FE310}.Release|Any CPU.Build.0 = Release|Any CPU
	EndGlobalSection
	GlobalSection(SolutionProperties) = preSolution
		HideSolutionNode = FALSE
	EndGlobalSection
	GlobalSection(ExtensibilityGlobals) = postSolution
		SolutionGuid = {A85B1FBD-75BC-4329-9EF2-59D9D1276989}
	EndGlobalSection
EndGlobal
